
Microsoft Visual Studio Solution File, Format Version 12.00
# Visual Studio 15
VisualStudioVersion = 15.0.27428.2015
MinimumVisualStudioVersion = 10.0.40219.1
Project("{FAE04EC0-301F-11D3-BF4B-00C04F79EFBC}") = "RadioCatalog", "RadioCatalog\RadioCatalog.csproj", "{D7837228-4DE0-45A6-B95F-4C4379C30B75}"
EndProject
Project("{FAE04EC0-301F-11D3-BF4B-00C04F79EFBC}") = "RadioCatalog.LIB", "RadioCatalog.LIB\RadioCatalog.LIB.csproj", "{9E53543B-866E-4195-AAB3-9D7F6D350871}"
EndProject
Global
	GlobalSection(SolutionConfigurationPlatforms) = preSolution
		Debug|Any CPU = Debug|Any CPU
		Release|Any CPU = Release|Any CPU
	EndGlobalSection
	GlobalSection(ProjectConfigurationPlatforms) = postSolution
		{D7837228-4DE0-45A6-B95F-4C4379C30B75}.Debug|Any CPU.ActiveCfg = Debug|Any CPU
		{D7837228-4DE0-45A6-B95F-4C4379C30B75}.Debug|Any CPU.Build.0 = Debug|Any CPU
		{D7837228-4DE0-45A6-B95F-4C4379C30B75}.Release|Any CPU.ActiveCfg = Release|Any CPU
		{D7837228-4DE0-45A6-B95F-4C4379C30B75}.Release|Any CPU.Build.0 = Release|Any CPU
		{9E53543B-866E-4195-AAB3-9D7F6D350871}.Debug|Any CPU.ActiveCfg = Debug|Any CPU
		{9E53543B-866E-4195-AAB3-9D7F6D350871}.Debug|Any CPU.Build.0 = Debug|Any CPU
		{9E53543B-866E-4195-AAB3-9D7F6D350871}.Release|Any CPU.ActiveCfg = Release|Any CPU
		{9E53543B-866E-4195-AAB3-9D7F6D350871}.Release|Any CPU.Build.0 = Release|Any CPU
	EndGlobalSection
	GlobalSection(SolutionProperties) = preSolution
		HideSolutionNode = FALSE
	EndGlobalSection
	GlobalSection(ExtensibilityGlobals) = postSolution
		SolutionGuid = {E837D07E-01D6-49A9-92ED-93A42535A9D9}
	EndGlobalSection
EndGlobal
